// !$*UTF8*$!
{
	archiveVersion = 1;
	classes = {
	};
	objectVersion = 56;
	objects = {

/* Begin PBXBuildFile section */
		B330ABF62AFCBE23001D6289 /* PAIApp.swift in Sources */ = {isa = PBXBuildFile; fileRef = B330ABF52AFCBE23001D6289 /* PAIApp.swift */; };
		B330ABF82AFCBE23001D6289 /* ContentView.swift in Sources */ = {isa = PBXBuildFile; fileRef = B330ABF72AFCBE23001D6289 /* ContentView.swift */; };
		B330ABFA2AFCBE24001D6289 /* Assets.xcassets in Resources */ = {isa = PBXBuildFile; fileRef = B330ABF92AFCBE24001D6289 /* Assets.xcassets */; };
		B330ABFD2AFCBE24001D6289 /* Preview Assets.xcassets in Resources */ = {isa = PBXBuildFile; fileRef = B330ABFC2AFCBE24001D6289 /* Preview Assets.xcassets */; };
		B330AC072AFCBE24001D6289 /* PAITests.swift in Sources */ = {isa = PBXBuildFile; fileRef = B330AC062AFCBE24001D6289 /* PAITests.swift */; };
		B330AC112AFCBE24001D6289 /* PAIUITests.swift in Sources */ = {isa = PBXBuildFile; fileRef = B330AC102AFCBE24001D6289 /* PAIUITests.swift */; };
		B330AC132AFCBE24001D6289 /* PAIUITestsLaunchTests.swift in Sources */ = {isa = PBXBuildFile; fileRef = B330AC122AFCBE24001D6289 /* PAIUITestsLaunchTests.swift */; };
/* End PBXBuildFile section */

/* Begin PBXContainerItemProxy section */
		B330AC032AFCBE24001D6289 /* PBXContainerItemProxy */ = {
			isa = PBXContainerItemProxy;
			containerPortal = B330ABEA2AFCBE23001D6289 /* Project object */;
			proxyType = 1;
			remoteGlobalIDString = B330ABF12AFCBE23001D6289;
			remoteInfo = PAI;
		};
		B330AC0D2AFCBE24001D6289 /* PBXContainerItemProxy */ = {
			isa = PBXContainerItemProxy;
			containerPortal = B330ABEA2AFCBE23001D6289 /* Project object */;
			proxyType = 1;
			remoteGlobalIDString = B330ABF12AFCBE23001D6289;
			remoteInfo = PAI;
		};
/* End PBXContainerItemProxy section */

/* Begin PBXFileReference section */
		B330ABF22AFCBE23001D6289 /* PAI.app */ = {isa = PBXFileReference; explicitFileType = wrapper.application; includeInIndex = 0; path = PAI.app; sourceTree = BUILT_PRODUCTS_DIR; };
		B330ABF52AFCBE23001D6289 /* PAIApp.swift */ = {isa = PBXFileReference; lastKnownFileType = sourcecode.swift; path = PAIApp.swift; sourceTree = "<group>"; };
		B330ABF72AFCBE23001D6289 /* ContentView.swift */ = {isa = PBXFileReference; lastKnownFileType = sourcecode.swift; path = ContentView.swift; sourceTree = "<group>"; };
		B330ABF92AFCBE24001D6289 /* Assets.xcassets */ = {isa = PBXFileReference; lastKnownFileType = folder.assetcatalog; path = Assets.xcassets; sourceTree = "<group>"; };
		B330ABFC2AFCBE24001D6289 /* Preview Assets.xcassets */ = {isa = PBXFileReference; lastKnownFileType = folder.assetcatalog; path = "Preview Assets.xcassets"; sourceTree = "<group>"; };
		B330AC022AFCBE24001D6289 /* PAITests.xctest */ = {isa = PBXFileReference; explicitFileType = wrapper.cfbundle; includeInIndex = 0; path = PAITests.xctest; sourceTree = BUILT_PRODUCTS_DIR; };
		B330AC062AFCBE24001D6289 /* PAITests.swift */ = {isa = PBXFileReference; lastKnownFileType = sourcecode.swift; path = PAITests.swift; sourceTree = "<group>"; };
		B330AC0C2AFCBE24001D6289 /* PAIUITests.xctest */ = {isa = PBXFileReference; explicitFileType = wrapper.cfbundle; includeInIndex = 0; path = PAIUITests.xctest; sourceTree = BUILT_PRODUCTS_DIR; };
		B330AC102AFCBE24001D6289 /* PAIUITests.swift */ = {isa = PBXFileReference; lastKnownFileType = sourcecode.swift; path = PAIUITests.swift; sourceTree = "<group>"; };
		B330AC122AFCBE24001D6289 /* PAIUITestsLaunchTests.swift */ = {isa = PBXFileReference; lastKnownFileType = sourcecode.swift; path = PAIUITestsLaunchTests.swift; sourceTree = "<group>"; };
/* End PBXFileReference section */

/* Begin PBXFrameworksBuildPhase section */
		B330ABEF2AFCBE23001D6289 /* Frameworks */ = {
			isa = PBXFrameworksBuildPhase;
			buildActionMask = 2147483647;
			files = (
			);
			runOnlyForDeploymentPostprocessing = 0;
		};
		B330ABFF2AFCBE24001D6289 /* Frameworks */ = {
			isa = PBXFrameworksBuildPhase;
			buildActionMask = 2147483647;
			files = (
			);
			runOnlyForDeploymentPostprocessing = 0;
		};
		B330AC092AFCBE24001D6289 /* Frameworks */ = {
			isa = PBXFrameworksBuildPhase;
			buildActionMask = 2147483647;
			files = (
			);
			runOnlyForDeploymentPostprocessing = 0;
		};
/* End PBXFrameworksBuildPhase section */

/* Begin PBXGroup section */
		B330ABE92AFCBE23001D6289 = {
			isa = PBXGroup;
			children = (
				B330ABF42AFCBE23001D6289 /* PAI */,
				B330AC052AFCBE24001D6289 /* PAITests */,
				B330AC0F2AFCBE24001D6289 /* PAIUITests */,
				B330ABF32AFCBE23001D6289 /* Products */,
			);
			sourceTree = "<group>";
		};
		B330ABF32AFCBE23001D6289 /* Products */ = {
			isa = PBXGroup;
			children = (
				B330ABF22AFCBE23001D6289 /* PAI.app */,
				B330AC022AFCBE24001D6289 /* PAITests.xctest */,
				B330AC0C2AFCBE24001D6289 /* PAIUITests.xctest */,
			);
			name = Products;
			sourceTree = "<group>";
		};
		B330ABF42AFCBE23001D6289 /* PAI */ = {
			isa = PBXGroup;
			children = (
				B330ABF52AFCBE23001D6289 /* PAIApp.swift */,
				B330ABF72AFCBE23001D6289 /* ContentView.swift */,
				B330ABF92AFCBE24001D6289 /* Assets.xcassets */,
				B330ABFB2AFCBE24001D6289 /* Preview Content */,
			);
			path = PAI;
			sourceTree = "<group>";
		};
		B330ABFB2AFCBE24001D6289 /* Preview Content */ = {
			isa = PBXGroup;
			children = (
				B330ABFC2AFCBE24001D6289 /* Preview Assets.xcassets */,
			);
			path = "Preview Content";
			sourceTree = "<group>";
		};
		B330AC052AFCBE24001D6289 /* PAITests */ = {
			isa = PBXGroup;
			children = (
				B330AC062AFCBE24001D6289 /* PAITests.swift */,
			);
			path = PAITests;
			sourceTree = "<group>";
		};
		B330AC0F2AFCBE24001D6289 /* PAIUITests */ = {
			isa = PBXGroup;
			children = (
				B330AC102AFCBE24001D6289 /* PAIUITests.swift */,
				B330AC122AFCBE24001D6289 /* PAIUITestsLaunchTests.swift */,
			);
			path = PAIUITests;
			sourceTree = "<group>";
		};
/* End PBXGroup section */

/* Begin PBXNativeTarget section */
		B330ABF12AFCBE23001D6289 /* PAI */ = {
			isa = PBXNativeTarget;
			buildConfigurationList = B330AC162AFCBE24001D6289 /* Build configuration list for PBXNativeTarget "PAI" */;
			buildPhases = (
				B330ABEE2AFCBE23001D6289 /* Sources */,
				B330ABEF2AFCBE23001D6289 /* Frameworks */,
				B330ABF02AFCBE23001D6289 /* Resources */,
			);
			buildRules = (
			);
			dependencies = (
			);
			name = PAI;
			productName = PAI;
			productReference = B330ABF22AFCBE23001D6289 /* PAI.app */;
			productType = "com.apple.product-type.application";
		};
		B330AC012AFCBE24001D6289 /* PAITests */ = {
			isa = PBXNativeTarget;
			buildConfigurationList = B330AC192AFCBE24001D6289 /* Build configuration list for PBXNativeTarget "PAITests" */;
			buildPhases = (
				B330ABFE2AFCBE24001D6289 /* Sources */,
				B330ABFF2AFCBE24001D6289 /* Frameworks */,
				B330AC002AFCBE24001D6289 /* Resources */,
			);
			buildRules = (
			);
			dependencies = (
				B330AC042AFCBE24001D6289 /* PBXTargetDependency */,
			);
			name = PAITests;
			productName = PAITests;
			productReference = B330AC022AFCBE24001D6289 /* PAITests.xctest */;
			productType = "com.apple.product-type.bundle.unit-test";
		};
		B330AC0B2AFCBE24001D6289 /* PAIUITests */ = {
			isa = PBXNativeTarget;
			buildConfigurationList = B330AC1C2AFCBE24001D6289 /* Build configuration list for PBXNativeTarget "PAIUITests" */;
			buildPhases = (
				B330AC082AFCBE24001D6289 /* Sources */,
				B330AC092AFCBE24001D6289 /* Frameworks */,
				B330AC0A2AFCBE24001D6289 /* Resources */,
			);
			buildRules = (
			);
			dependencies = (
				B330AC0E2AFCBE24001D6289 /* PBXTargetDependency */,
			);
			name = PAIUITests;
			productName = PAIUITests;
			productReference = B330AC0C2AFCBE24001D6289 /* PAIUITests.xctest */;
			productType = "com.apple.product-type.bundle.ui-testing";
		};
/* End PBXNativeTarget section */

/* Begin PBXProject section */
		B330ABEA2AFCBE23001D6289 /* Project object */ = {
			isa = PBXProject;
			attributes = {
				BuildIndependentTargetsInParallel = 1;
				LastSwiftUpdateCheck = 1500;
				LastUpgradeCheck = 1500;
				TargetAttributes = {
					B330ABF12AFCBE23001D6289 = {
						CreatedOnToolsVersion = 15.0.1;
					};
					B330AC012AFCBE24001D6289 = {
						CreatedOnToolsVersion = 15.0.1;
						TestTargetID = B330ABF12AFCBE23001D6289;
					};
					B330AC0B2AFCBE24001D6289 = {
						CreatedOnToolsVersion = 15.0.1;
						TestTargetID = B330ABF12AFCBE23001D6289;
					};
				};
			};
			buildConfigurationList = B330ABED2AFCBE23001D6289 /* Build configuration list for PBXProject "PAI" */;
			compatibilityVersion = "Xcode 14.0";
			developmentRegion = en;
			hasScannedForEncodings = 0;
			knownRegions = (
				en,
				Base,
			);
			mainGroup = B330ABE92AFCBE23001D6289;
			productRefGroup = B330ABF32AFCBE23001D6289 /* Products */;
			projectDirPath = "";
			projectRoot = "";
			targets = (
				B330ABF12AFCBE23001D6289 /* PAI */,
				B330AC012AFCBE24001D6289 /* PAITests */,
				B330AC0B2AFCBE24001D6289 /* PAIUITests */,
			);
		};
/* End PBXProject section */

/* Begin PBXResourcesBuildPhase section */
		B330ABF02AFCBE23001D6289 /* Resources */ = {
			isa = PBXResourcesBuildPhase;
			buildActionMask = 2147483647;
			files = (
				B330ABFD2AFCBE24001D6289 /* Preview Assets.xcassets in Resources */,
				B330ABFA2AFCBE24001D6289 /* Assets.xcassets in Resources */,
			);
			runOnlyForDeploymentPostprocessing = 0;
		};
		B330AC002AFCBE24001D6289 /* Resources */ = {
			isa = PBXResourcesBuildPhase;
			buildActionMask = 2147483647;
			files = (
			);
			runOnlyForDeploymentPostprocessing = 0;
		};
		B330AC0A2AFCBE24001D6289 /* Resources */ = {
			isa = PBXResourcesBuildPhase;
			buildActionMask = 2147483647;
			files = (
			);
			runOnlyForDeploymentPostprocessing = 0;
		};
/* End PBXResourcesBuildPhase section */

/* Begin PBXSourcesBuildPhase section */
		B330ABEE2AFCBE23001D6289 /* Sources */ = {
			isa = PBXSourcesBuildPhase;
			buildActionMask = 2147483647;
			files = (
				B330ABF82AFCBE23001D6289 /* ContentView.swift in Sources */,
				B330ABF62AFCBE23001D6289 /* PAIApp.swift in Sources */,
			);
			runOnlyForDeploymentPostprocessing = 0;
		};
		B330ABFE2AFCBE24001D6289 /* Sources */ = {
			isa = PBXSourcesBuildPhase;
			buildActionMask = 2147483647;
			files = (
				B330AC072AFCBE24001D6289 /* PAITests.swift in Sources */,
			);
			runOnlyForDeploymentPostprocessing = 0;
		};
		B330AC082AFCBE24001D6289 /* Sources */ = {
			isa = PBXSourcesBuildPhase;
			buildActionMask = 2147483647;
			files = (
				B330AC112AFCBE24001D6289 /* PAIUITests.swift in Sources */,
				B330AC132AFCBE24001D6289 /* PAIUITestsLaunchTests.swift in Sources */,
			);
			runOnlyForDeploymentPostprocessing = 0;
		};
/* End PBXSourcesBuildPhase section */

/* Begin PBXTargetDependency section */
		B330AC042AFCBE24001D6289 /* PBXTargetDependency */ = {
			isa = PBXTargetDependency;
			target = B330ABF12AFCBE23001D6289 /* PAI */;
			targetProxy = B330AC032AFCBE24001D6289 /* PBXContainerItemProxy */;
		};
		B330AC0E2AFCBE24001D6289 /* PBXTargetDependency */ = {
			isa = PBXTargetDependency;
			target = B330ABF12AFCBE23001D6289 /* PAI */;
			targetProxy = B330AC0D2AFCBE24001D6289 /* PBXContainerItemProxy */;
		};
/* End PBXTargetDependency section */

/* Begin XCBuildConfiguration section */
		B330AC142AFCBE24001D6289 /* Debug */ = {
			isa = XCBuildConfiguration;
			buildSettings = {
				ALWAYS_SEARCH_USER_PATHS = NO;
				ASSETCATALOG_COMPILER_GENERATE_SWIFT_ASSET_SYMBOL_EXTENSIONS = YES;
				CLANG_ANALYZER_NONNULL = YES;
				CLANG_ANALYZER_NUMBER_OBJECT_CONVERSION = YES_AGGRESSIVE;
				CLANG_CXX_LANGUAGE_STANDARD = "gnu++20";
				CLANG_ENABLE_MODULES = YES;
				CLANG_ENABLE_OBJC_ARC = YES;
				CLANG_ENABLE_OBJC_WEAK = YES;
				CLANG_WARN_BLOCK_CAPTURE_AUTORELEASING = YES;
				CLANG_WARN_BOOL_CONVERSION = YES;
				CLANG_WARN_COMMA = YES;
				CLANG_WARN_CONSTANT_CONVERSION = YES;
				CLANG_WARN_DEPRECATED_OBJC_IMPLEMENTATIONS = YES;
				CLANG_WARN_DIRECT_OBJC_ISA_USAGE = YES_ERROR;
				CLANG_WARN_DOCUMENTATION_COMMENTS = YES;
				CLANG_WARN_EMPTY_BODY = YES;
				CLANG_WARN_ENUM_CONVERSION = YES;
				CLANG_WARN_INFINITE_RECURSION = YES;
				CLANG_WARN_INT_CONVERSION = YES;
				CLANG_WARN_NON_LITERAL_NULL_CONVERSION = YES;
				CLANG_WARN_OBJC_IMPLICIT_RETAIN_SELF = YES;
				CLANG_WARN_OBJC_LITERAL_CONVERSION = YES;
				CLANG_WARN_OBJC_ROOT_CLASS = YES_ERROR;
				CLANG_WARN_QUOTED_INCLUDE_IN_FRAMEWORK_HEADER = YES;
				CLANG_WARN_RANGE_LOOP_ANALYSIS = YES;
				CLANG_WARN_STRICT_PROTOTYPES = YES;
				CLANG_WARN_SUSPICIOUS_MOVE = YES;
				CLANG_WARN_UNGUARDED_AVAILABILITY = YES_AGGRESSIVE;
				CLANG_WARN_UNREACHABLE_CODE = YES;
				CLANG_WARN__DUPLICATE_METHOD_MATCH = YES;
				COPY_PHASE_STRIP = NO;
				DEBUG_INFORMATION_FORMAT = dwarf;
				ENABLE_STRICT_OBJC_MSGSEND = YES;
				ENABLE_TESTABILITY = YES;
				ENABLE_USER_SCRIPT_SANDBOXING = YES;
				GCC_C_LANGUAGE_STANDARD = gnu17;
				GCC_DYNAMIC_NO_PIC = NO;
				GCC_NO_COMMON_BLOCKS = YES;
				GCC_OPTIMIZATION_LEVEL = 0;
				GCC_PREPROCESSOR_DEFINITIONS = (
					"DEBUG=1",
					"$(inherited)",
				);
				GCC_WARN_64_TO_32_BIT_CONVERSION = YES;
				GCC_WARN_ABOUT_RETURN_TYPE = YES_ERROR;
				GCC_WARN_UNDECLARED_SELECTOR = YES;
				GCC_WARN_UNINITIALIZED_AUTOS = YES_AGGRESSIVE;
				GCC_WARN_UNUSED_FUNCTION = YES;
				GCC_WARN_UNUSED_VARIABLE = YES;
				IPHONEOS_DEPLOYMENT_TARGET = 17.0;
				LOCALIZATION_PREFERS_STRING_CATALOGS = YES;
				MTL_ENABLE_DEBUG_INFO = INCLUDE_SOURCE;
				MTL_FAST_MATH = YES;
				ONLY_ACTIVE_ARCH = YES;
				SDKROOT = iphoneos;
				SWIFT_ACTIVE_COMPILATION_CONDITIONS = "DEBUG $(inherited)";
				SWIFT_OPTIMIZATION_LEVEL = "-Onone";
			};
			name = Debug;
		};
		B330AC152AFCBE24001D6289 /* Release */ = {
			isa = XCBuildConfiguration;
			buildSettings = {
				ALWAYS_SEARCH_USER_PATHS = NO;
				ASSETCATALOG_COMPILER_GENERATE_SWIFT_ASSET_SYMBOL_EXTENSIONS = YES;
				CLANG_ANALYZER_NONNULL = YES;
				CLANG_ANALYZER_NUMBER_OBJECT_CONVERSION = YES_AGGRESSIVE;
				CLANG_CXX_LANGUAGE_STANDARD = "gnu++20";
				CLANG_ENABLE_MODULES = YES;
				CLANG_ENABLE_OBJC_ARC = YES;
				CLANG_ENABLE_OBJC_WEAK = YES;
				CLANG_WARN_BLOCK_CAPTURE_AUTORELEASING = YES;
				CLANG_WARN_BOOL_CONVERSION = YES;
				CLANG_WARN_COMMA = YES;
				CLANG_WARN_CONSTANT_CONVERSION = YES;
				CLANG_WARN_DEPRECATED_OBJC_IMPLEMENTATIONS = YES;
				CLANG_WARN_DIRECT_OBJC_ISA_USAGE = YES_ERROR;
				CLANG_WARN_DOCUMENTATION_COMMENTS = YES;
				CLANG_WARN_EMPTY_BODY = YES;
				CLANG_WARN_ENUM_CONVERSION = YES;
				CLANG_WARN_INFINITE_RECURSION = YES;
				CLANG_WARN_INT_CONVERSION = YES;
				CLANG_WARN_NON_LITERAL_NULL_CONVERSION = YES;
				CLANG_WARN_OBJC_IMPLICIT_RETAIN_SELF = YES;
				CLANG_WARN_OBJC_LITERAL_CONVERSION = YES;
				CLANG_WARN_OBJC_ROOT_CLASS = YES_ERROR;
				CLANG_WARN_QUOTED_INCLUDE_IN_FRAMEWORK_HEADER = YES;
				CLANG_WARN_RANGE_LOOP_ANALYSIS = YES;
				CLANG_WARN_STRICT_PROTOTYPES = YES;
				CLANG_WARN_SUSPICIOUS_MOVE = YES;
				CLANG_WARN_UNGUARDED_AVAILABILITY = YES_AGGRESSIVE;
				CLANG_WARN_UNREACHABLE_CODE = YES;
				CLANG_WARN__DUPLICATE_METHOD_MATCH = YES;
				COPY_PHASE_STRIP = NO;
				DEBUG_INFORMATION_FORMAT = "dwarf-with-dsym";
				ENABLE_NS_ASSERTIONS = NO;
				ENABLE_STRICT_OBJC_MSGSEND = YES;
				ENABLE_USER_SCRIPT_SANDBOXING = YES;
				GCC_C_LANGUAGE_STANDARD = gnu17;
				GCC_NO_COMMON_BLOCKS = YES;
				GCC_WARN_64_TO_32_BIT_CONVERSION = YES;
				GCC_WARN_ABOUT_RETURN_TYPE = YES_ERROR;
				GCC_WARN_UNDECLARED_SELECTOR = YES;
				GCC_WARN_UNINITIALIZED_AUTOS = YES_AGGRESSIVE;
				GCC_WARN_UNUSED_FUNCTION = YES;
				GCC_WARN_UNUSED_VARIABLE = YES;
				IPHONEOS_DEPLOYMENT_TARGET = 17.0;
				LOCALIZATION_PREFERS_STRING_CATALOGS = YES;
				MTL_ENABLE_DEBUG_INFO = NO;
				MTL_FAST_MATH = YES;
				SDKROOT = iphoneos;
				SWIFT_COMPILATION_MODE = wholemodule;
				VALIDATE_PRODUCT = YES;
			};
			name = Release;
		};
		B330AC172AFCBE24001D6289 /* Debug */ = {
			isa = XCBuildConfiguration;
			buildSettings = {
				ASSETCATALOG_COMPILER_APPICON_NAME = AppIcon;
				ASSETCATALOG_COMPILER_GLOBAL_ACCENT_COLOR_NAME = AccentColor;
				CODE_SIGN_STYLE = Automatic;
				CURRENT_PROJECT_VERSION = 1;
				DEVELOPMENT_ASSET_PATHS = "\"PAI/Preview Content\"";
				DEVELOPMENT_TEAM = L3258TLW8P;
				ENABLE_PREVIEWS = YES;
				GENERATE_INFOPLIST_FILE = YES;
				INFOPLIST_KEY_UIApplicationSceneManifest_Generation = YES;
				INFOPLIST_KEY_UIApplicationSupportsIndirectInputEvents = YES;
				INFOPLIST_KEY_UILaunchScreen_Generation = YES;
				INFOPLIST_KEY_UISupportedInterfaceOrientations_iPad = "UIInterfaceOrientationPortrait UIInterfaceOrientationPortraitUpsideDown UIInterfaceOrientationLandscapeLeft UIInterfaceOrientationLandscapeRight";
				INFOPLIST_KEY_UISupportedInterfaceOrientations_iPhone = "UIInterfaceOrientationPortrait UIInterfaceOrientationLandscapeLeft UIInterfaceOrientationLandscapeRight";
				LD_RUNPATH_SEARCH_PATHS = (
					"$(inherited)",
					"@executable_path/Frameworks",
				);
				MARKETING_VERSION = 1.0;
				PRODUCT_BUNDLE_IDENTIFIER = mi.PAI;
				PRODUCT_NAME = "$(TARGET_NAME)";
				SWIFT_EMIT_LOC_STRINGS = YES;
				SWIFT_VERSION = 5.0;
				TARGETED_DEVICE_FAMILY = "1,2";
			};
			name = Debug;
		};
		B330AC182AFCBE24001D6289 /* Release */ = {
			isa = XCBuildConfiguration;
			buildSettings = {
				ASSETCATALOG_COMPILER_APPICON_NAME = AppIcon;
				ASSETCATALOG_COMPILER_GLOBAL_ACCENT_COLOR_NAME = AccentColor;
				CODE_SIGN_STYLE = Automatic;
				CURRENT_PROJECT_VERSION = 1;
				DEVELOPMENT_ASSET_PATHS = "\"PAI/Preview Content\"";
				DEVELOPMENT_TEAM = L3258TLW8P;
				ENABLE_PREVIEWS = YES;
				GENERATE_INFOPLIST_FILE = YES;
				INFOPLIST_KEY_UIApplicationSceneManifest_Generation = YES;
				INFOPLIST_KEY_UIApplicationSupportsIndirectInputEvents = YES;
				INFOPLIST_KEY_UILaunchScreen_Generation = YES;
				INFOPLIST_KEY_UISupportedInterfaceOrientations_iPad = "UIInterfaceOrientationPortrait UIInterfaceOrientationPortraitUpsideDown UIInterfaceOrientationLandscapeLeft UIInterfaceOrientationLandscapeRight";
				INFOPLIST_KEY_UISupportedInterfaceOrientations_iPhone = "UIInterfaceOrientationPortrait UIInterfaceOrientationLandscapeLeft UIInterfaceOrientationLandscapeRight";
				LD_RUNPATH_SEARCH_PATHS = (
					"$(inherited)",
					"@executable_path/Frameworks",
				);
				MARKETING_VERSION = 1.0;
				PRODUCT_BUNDLE_IDENTIFIER = mi.PAI;
				PRODUCT_NAME = "$(TARGET_NAME)";
				SWIFT_EMIT_LOC_STRINGS = YES;
				SWIFT_VERSION = 5.0;
				TARGETED_DEVICE_FAMILY = "1,2";
			};
			name = Release;
		};
		B330AC1A2AFCBE24001D6289 /* Debug */ = {
			isa = XCBuildConfiguration;
			buildSettings = {
				ALWAYS_EMBED_SWIFT_STANDARD_LIBRARIES = YES;
				BUNDLE_LOADER = "$(TEST_HOST)";
				CODE_SIGN_STYLE = Automatic;
				CURRENT_PROJECT_VERSION = 1;
				DEVELOPMENT_TEAM = L3258TLW8P;
				GENERATE_INFOPLIST_FILE = YES;
				IPHONEOS_DEPLOYMENT_TARGET = 17.0;
				MARKETING_VERSION = 1.0;
				PRODUCT_BUNDLE_IDENTIFIER = mi.PAITests;
				PRODUCT_NAME = "$(TARGET_NAME)";
				SWIFT_EMIT_LOC_STRINGS = NO;
				SWIFT_VERSION = 5.0;
				TARGETED_DEVICE_FAMILY = "1,2";
				TEST_HOST = "$(BUILT_PRODUCTS_DIR)/PAI.app/$(BUNDLE_EXECUTABLE_FOLDER_PATH)/PAI";
			};
			name = Debug;
		};
		B330AC1B2AFCBE24001D6289 /* Release */ = {
			isa = XCBuildConfiguration;
			buildSettings = {
				ALWAYS_EMBED_SWIFT_STANDARD_LIBRARIES = YES;
				BUNDLE_LOADER = "$(TEST_HOST)";
				CODE_SIGN_STYLE = Automatic;
				CURRENT_PROJECT_VERSION = 1;
				DEVELOPMENT_TEAM = L3258TLW8P;
				GENERATE_INFOPLIST_FILE = YES;
				IPHONEOS_DEPLOYMENT_TARGET = 17.0;
				MARKETING_VERSION = 1.0;
				PRODUCT_BUNDLE_IDENTIFIER = mi.PAITests;
				PRODUCT_NAME = "$(TARGET_NAME)";
				SWIFT_EMIT_LOC_STRINGS = NO;
				SWIFT_VERSION = 5.0;
				TARGETED_DEVICE_FAMILY = "1,2";
				TEST_HOST = "$(BUILT_PRODUCTS_DIR)/PAI.app/$(BUNDLE_EXECUTABLE_FOLDER_PATH)/PAI";
			};
			name = Release;
		};
		B330AC1D2AFCBE24001D6289 /* Debug */ = {
			isa = XCBuildConfiguration;
			buildSettings = {
				ALWAYS_EMBED_SWIFT_STANDARD_LIBRARIES = YES;
				CODE_SIGN_STYLE = Automatic;
				CURRENT_PROJECT_VERSION = 1;
				DEVELOPMENT_TEAM = L3258TLW8P;
				GENERATE_INFOPLIST_FILE = YES;
				MARKETING_VERSION = 1.0;
				PRODUCT_BUNDLE_IDENTIFIER = mi.PAIUITests;
				PRODUCT_NAME = "$(TARGET_NAME)";
				SWIFT_EMIT_LOC_STRINGS = NO;
				SWIFT_VERSION = 5.0;
				TARGETED_DEVICE_FAMILY = "1,2";
				TEST_TARGET_NAME = PAI;
			};
			name = Debug;
		};
		B330AC1E2AFCBE24001D6289 /* Release */ = {
			isa = XCBuildConfiguration;
			buildSettings = {
				ALWAYS_EMBED_SWIFT_STANDARD_LIBRARIES = YES;
				CODE_SIGN_STYLE = Automatic;
				CURRENT_PROJECT_VERSION = 1;
				DEVELOPMENT_TEAM = L3258TLW8P;
				GENERATE_INFOPLIST_FILE = YES;
				MARKETING_VERSION = 1.0;
				PRODUCT_BUNDLE_IDENTIFIER = mi.PAIUITests;
				PRODUCT_NAME = "$(TARGET_NAME)";
				SWIFT_EMIT_LOC_STRINGS = NO;
				SWIFT_VERSION = 5.0;
				TARGETED_DEVICE_FAMILY = "1,2";
				TEST_TARGET_NAME = PAI;
			};
			name = Release;
		};
/* End XCBuildConfiguration section */

/* Begin XCConfigurationList section */
		B330ABED2AFCBE23001D6289 /* Build configuration list for PBXProject "PAI" */ = {
			isa = XCConfigurationList;
			buildConfigurations = (
				B330AC142AFCBE24001D6289 /* Debug */,
				B330AC152AFCBE24001D6289 /* Release */,
			);
			defaultConfigurationIsVisible = 0;
			defaultConfigurationName = Release;
		};
		B330AC162AFCBE24001D6289 /* Build configuration list for PBXNativeTarget "PAI" */ = {
			isa = XCConfigurationList;
			buildConfigurations = (
				B330AC172AFCBE24001D6289 /* Debug */,
				B330AC182AFCBE24001D6289 /* Release */,
			);
			defaultConfigurationIsVisible = 0;
			defaultConfigurationName = Release;
		};
		B330AC192AFCBE24001D6289 /* Build configuration list for PBXNativeTarget "PAITests" */ = {
			isa = XCConfigurationList;
			buildConfigurations = (
				B330AC1A2AFCBE24001D6289 /* Debug */,
				B330AC1B2AFCBE24001D6289 /* Release */,
			);
			defaultConfigurationIsVisible = 0;
			defaultConfigurationName = Release;
		};
		B330AC1C2AFCBE24001D6289 /* Build configuration list for PBXNativeTarget "PAIUITests" */ = {
			isa = XCConfigurationList;
			buildConfigurations = (
				B330AC1D2AFCBE24001D6289 /* Debug */,
				B330AC1E2AFCBE24001D6289 /* Release */,
			);
			defaultConfigurationIsVisible = 0;
			defaultConfigurationName = Release;
		};
/* End XCConfigurationList section */
	};
	rootObject = B330ABEA2AFCBE23001D6289 /* Project object */;
}
